
Microsoft Visual Studio Solution File, Format Version 12.00
# Visual Studio Version 17
VisualStudioVersion = 17.8.34408.163
MinimumVisualStudioVersion = 10.0.40219.1
Project("{9A19103F-16F7-4668-BE54-9A1E7A4F7556}") = "UniversityVotingSystem", "UniversityVotingSystem\UniversityVotingSystem.csproj", "{3BEFF950-2640-4214-8F91-9EEDFC74B3AA}"
EndProject
Global
	GlobalSection(SolutionConfigurationPlatforms) = preSolution
		Debug|Any CPU = Debug|Any CPU
		Release|Any CPU = Release|Any CPU
	EndGlobalSection
	GlobalSection(ProjectConfigurationPlatforms) = postSolution
		{3BEFF950-2640-4214-8F91-9EEDFC74B3AA}.Debug|Any CPU.ActiveCfg = Debug|Any CPU
		{3BEFF950-2640-4214-8F91-9EEDFC74B3AA}.Debug|Any CPU.Build.0 = Debug|Any CPU
		{3BEFF950-2640-4214-8F91-9EEDFC74B3AA}.Release|Any CPU.ActiveCfg = Release|Any CPU
		{3BEFF950-2640-4214-8F91-9EEDFC74B3AA}.Release|Any CPU.Build.0 = Release|Any CPU
	EndGlobalSection
	GlobalSection(SolutionProperties) = preSolution
		HideSolutionNode = FALSE
	EndGlobalSection
	GlobalSection(ExtensibilityGlobals) = postSolution
		SolutionGuid = {BD890BC0-7F8D-41C2-8DD5-F0C0175B24BD}
	EndGlobalSection
EndGlobal
